
Microsoft Visual Studio Solution File, Format Version 12.00
# Visual Studio Version 17
VisualStudioVersion = 17.13.36105.23
MinimumVisualStudioVersion = 10.0.40219.1
Project("{FAE04EC0-301F-11D3-BF4B-00C04F79EFBC}") = "M001", "M001\M001.csproj", "{8F54D494-8049-4826-A10D-4D07964E8CFD}"
EndProject
Project("{FAE04EC0-301F-11D3-BF4B-00C04F79EFBC}") = "M002", "M002\M002.csproj", "{7B65CD5B-374A-490C-A868-9FA60441AA2B}"
EndProject
Project("{FAE04EC0-301F-11D3-BF4B-00C04F79EFBC}") = "M003", "M003\M003.csproj", "{40D770C7-699E-4EF0-BC70-6157E69D2EDF}"
EndProject
Project("{FAE04EC0-301F-11D3-BF4B-00C04F79EFBC}") = "M000", "M000\M000.csproj", "{B2AE9839-1D5D-457F-AEF3-404197E427A7}"
EndProject
Project("{FAE04EC0-301F-11D3-BF4B-00C04F79EFBC}") = "M004", "M004\M004.csproj", "{A752E952-AE01-4D86-B6D8-2DE06924A9A7}"
EndProject
Project("{FAE04EC0-301F-11D3-BF4B-00C04F79EFBC}") = "M005", "M005\M005.csproj", "{BE855C96-1C6F-4BB1-9D64-251F59FA0627}"
EndProject
Project("{FAE04EC0-301F-11D3-BF4B-00C04F79EFBC}") = "M006", "M006\M006.csproj", "{EF552069-DE82-4BD5-9DD2-2BF046C57DB4}"
EndProject
Global
	GlobalSection(SolutionConfigurationPlatforms) = preSolution
		Debug|Any CPU = Debug|Any CPU
		Release|Any CPU = Release|Any CPU
	EndGlobalSection
	GlobalSection(ProjectConfigurationPlatforms) = postSolution
		{8F54D494-8049-4826-A10D-4D07964E8CFD}.Debug|Any CPU.ActiveCfg = Debug|Any CPU
		{8F54D494-8049-4826-A10D-4D07964E8CFD}.Debug|Any CPU.Build.0 = Debug|Any CPU
		{8F54D494-8049-4826-A10D-4D07964E8CFD}.Release|Any CPU.ActiveCfg = Release|Any CPU
		{8F54D494-8049-4826-A10D-4D07964E8CFD}.Release|Any CPU.Build.0 = Release|Any CPU
		{7B65CD5B-374A-490C-A868-9FA60441AA2B}.Debug|Any CPU.ActiveCfg = Debug|Any CPU
		{7B65CD5B-374A-490C-A868-9FA60441AA2B}.Debug|Any CPU.Build.0 = Debug|Any CPU
		{7B65CD5B-374A-490C-A868-9FA60441AA2B}.Release|Any CPU.ActiveCfg = Release|Any CPU
		{7B65CD5B-374A-490C-A868-9FA60441AA2B}.Release|Any CPU.Build.0 = Release|Any CPU
		{40D770C7-699E-4EF0-BC70-6157E69D2EDF}.Debug|Any CPU.ActiveCfg = Debug|Any CPU
		{40D770C7-699E-4EF0-BC70-6157E69D2EDF}.Debug|Any CPU.Build.0 = Debug|Any CPU
		{40D770C7-699E-4EF0-BC70-6157E69D2EDF}.Release|Any CPU.ActiveCfg = Release|Any CPU
		{40D770C7-699E-4EF0-BC70-6157E69D2EDF}.Release|Any CPU.Build.0 = Release|Any CPU
		{B2AE9839-1D5D-457F-AEF3-404197E427A7}.Debug|Any CPU.ActiveCfg = Debug|Any CPU
		{B2AE9839-1D5D-457F-AEF3-404197E427A7}.Debug|Any CPU.Build.0 = Debug|Any CPU
		{B2AE9839-1D5D-457F-AEF3-404197E427A7}.Release|Any CPU.ActiveCfg = Release|Any CPU
		{B2AE9839-1D5D-457F-AEF3-404197E427A7}.Release|Any CPU.Build.0 = Release|Any CPU
		{A752E952-AE01-4D86-B6D8-2DE06924A9A7}.Debug|Any CPU.ActiveCfg = Debug|Any CPU
		{A752E952-AE01-4D86-B6D8-2DE06924A9A7}.Debug|Any CPU.Build.0 = Debug|Any CPU
		{A752E952-AE01-4D86-B6D8-2DE06924A9A7}.Release|Any CPU.ActiveCfg = Release|Any CPU
		{A752E952-AE01-4D86-B6D8-2DE06924A9A7}.Release|Any CPU.Build.0 = Release|Any CPU
		{BE855C96-1C6F-4BB1-9D64-251F59FA0627}.Debug|Any CPU.ActiveCfg = Debug|Any CPU
		{BE855C96-1C6F-4BB1-9D64-251F59FA0627}.Debug|Any CPU.Build.0 = Debug|Any CPU
		{BE855C96-1C6F-4BB1-9D64-251F59FA0627}.Release|Any CPU.ActiveCfg = Release|Any CPU
		{BE855C96-1C6F-4BB1-9D64-251F59FA0627}.Release|Any CPU.Build.0 = Release|Any CPU
		{EF552069-DE82-4BD5-9DD2-2BF046C57DB4}.Debug|Any CPU.ActiveCfg = Debug|Any CPU
		{EF552069-DE82-4BD5-9DD2-2BF046C57DB4}.Debug|Any CPU.Build.0 = Debug|Any CPU
		{EF552069-DE82-4BD5-9DD2-2BF046C57DB4}.Release|Any CPU.ActiveCfg = Release|Any CPU
		{EF552069-DE82-4BD5-9DD2-2BF046C57DB4}.Release|Any CPU.Build.0 = Release|Any CPU
	EndGlobalSection
	GlobalSection(SolutionProperties) = preSolution
		HideSolutionNode = FALSE
	EndGlobalSection
	GlobalSection(ExtensibilityGlobals) = postSolution
		SolutionGuid = {F7034561-361A-4472-AC05-B915AE58D2A9}
	EndGlobalSection
EndGlobal
